{
  "name": "lecutre_npm",
  "version": "1.0.0",
  "lockfileVersion": 3,
  "requires": true,
  "packages": {
    "": {
      "name": "lecutre_npm",
      "version": "1.0.0",
      "license": "ISC",
      "dependencies": {
        "slug": "^9.0.0"
      }
    },
    "node_modules/slug": {
      "version": "9.0.0",
      "resolved": "https://registry.npmjs.org/slug/-/slug-9.0.0.tgz",
      "integrity": "sha512-ixytnHlpHPWM56heaGgYe/M8tDAcpJcsg/zBuyElbFDOORzMGOeP3Te6iJBRVYu3WQEiWLQPb70Gh9ig/sZgGQ==",
      "bin": {
        "slug": "cli.js"
      }
    }
  }
}
